<Solution>
  <Folder Name="/src/">
    <Project Path="src/AzureMarketplaceSandbox/AzureMarketplaceSandbox.csproj" />
  </Folder>
  <Folder Name="/tests/">
    <Project Path="tests/AzureMarketplaceSandbox.Tests/AzureMarketplaceSandbox.Tests.csproj" />
  </Folder>
  <Folder Name="/workflows/">
    <File Path=".github/workflows/ci-cd.yml" />
  </Folder>
</Solution>
